// !$*UTF8*$!
{
	archiveVersion = 1;
	classes = {
	};
	objectVersion = 46;
	objects = {

/* Begin PBXBuildFile section */
		AF14365D1C1B74D4005AE5B3 /* AppDelegate.swift in Sources */ = {isa = PBXBuildFile; fileRef = AF14365C1C1B74D4005AE5B3 /* AppDelegate.swift */; };
		AF1436641C1B74D4005AE5B3 /* Assets.xcassets in Resources */ = {isa = PBXBuildFile; fileRef = AF1436631C1B74D4005AE5B3 /* Assets.xcassets */; };
		AF1436671C1B74D4005AE5B3 /* LaunchScreen.storyboard in Resources */ = {isa = PBXBuildFile; fileRef = AF1436651C1B74D4005AE5B3 /* LaunchScreen.storyboard */; };
		AF1436721C1B9F03005AE5B3 /* TicketViewController.swift in Sources */ = {isa = PBXBuildFile; fileRef = AF1436701C1B9F03005AE5B3 /* TicketViewController.swift */; };
		AF1436731C1B9F03005AE5B3 /* TicketViewController.xib in Resources */ = {isa = PBXBuildFile; fileRef = AF1436711C1B9F03005AE5B3 /* TicketViewController.xib */; };
		AF1436761C1B9F11005AE5B3 /* MapViewController.swift in Sources */ = {isa = PBXBuildFile; fileRef = AF1436741C1B9F11005AE5B3 /* MapViewController.swift */; };
		AF1436771C1B9F11005AE5B3 /* MapViewController.xib in Resources */ = {isa = PBXBuildFile; fileRef = AF1436751C1B9F11005AE5B3 /* MapViewController.xib */; };
		AF14367F1C1C72C0005AE5B3 /* ContainerViewController.swift in Sources */ = {isa = PBXBuildFile; fileRef = AF14367D1C1C72C0005AE5B3 /* ContainerViewController.swift */; };
		AF1436801C1C72C0005AE5B3 /* ContainerViewController.xib in Resources */ = {isa = PBXBuildFile; fileRef = AF14367E1C1C72C0005AE5B3 /* ContainerViewController.xib */; };
		AF9EFF3E1C1C9E0300409000 /* FancyButton.swift in Sources */ = {isa = PBXBuildFile; fileRef = AF9EFF3D1C1C9E0300409000 /* FancyButton.swift */; };
		AF9EFF401C1D050600409000 /* MarqueeView.swift in Sources */ = {isa = PBXBuildFile; fileRef = AF9EFF3F1C1D050600409000 /* MarqueeView.swift */; };
/* End PBXBuildFile section */

/* Begin PBXFileReference section */
		AF1436591C1B74D4005AE5B3 /* ASDBoardingPass.app */ = {isa = PBXFileReference; explicitFileType = wrapper.application; includeInIndex = 0; path = ASDBoardingPass.app; sourceTree = BUILT_PRODUCTS_DIR; };
		AF14365C1C1B74D4005AE5B3 /* AppDelegate.swift */ = {isa = PBXFileReference; lastKnownFileType = sourcecode.swift; path = AppDelegate.swift; sourceTree = "<group>"; };
		AF1436631C1B74D4005AE5B3 /* Assets.xcassets */ = {isa = PBXFileReference; lastKnownFileType = folder.assetcatalog; path = Assets.xcassets; sourceTree = "<group>"; };
		AF1436661C1B74D4005AE5B3 /* Base */ = {isa = PBXFileReference; lastKnownFileType = file.storyboard; name = Base; path = Base.lproj/LaunchScreen.storyboard; sourceTree = "<group>"; };
		AF1436681C1B74D4005AE5B3 /* Info.plist */ = {isa = PBXFileReference; lastKnownFileType = text.plist.xml; path = Info.plist; sourceTree = "<group>"; };
		AF1436701C1B9F03005AE5B3 /* TicketViewController.swift */ = {isa = PBXFileReference; fileEncoding = 4; lastKnownFileType = sourcecode.swift; path = TicketViewController.swift; sourceTree = "<group>"; };
		AF1436711C1B9F03005AE5B3 /* TicketViewController.xib */ = {isa = PBXFileReference; fileEncoding = 4; lastKnownFileType = file.xib; path = TicketViewController.xib; sourceTree = "<group>"; };
		AF1436741C1B9F11005AE5B3 /* MapViewController.swift */ = {isa = PBXFileReference; fileEncoding = 4; lastKnownFileType = sourcecode.swift; path = MapViewController.swift; sourceTree = "<group>"; };
		AF1436751C1B9F11005AE5B3 /* MapViewController.xib */ = {isa = PBXFileReference; fileEncoding = 4; lastKnownFileType = file.xib; path = MapViewController.xib; sourceTree = "<group>"; };
		AF14367D1C1C72C0005AE5B3 /* ContainerViewController.swift */ = {isa = PBXFileReference; fileEncoding = 4; lastKnownFileType = sourcecode.swift; path = ContainerViewController.swift; sourceTree = "<group>"; };
		AF14367E1C1C72C0005AE5B3 /* ContainerViewController.xib */ = {isa = PBXFileReference; fileEncoding = 4; lastKnownFileType = file.xib; path = ContainerViewController.xib; sourceTree = "<group>"; };
		AF9EFF3D1C1C9E0300409000 /* FancyButton.swift */ = {isa = PBXFileReference; fileEncoding = 4; lastKnownFileType = sourcecode.swift; path = FancyButton.swift; sourceTree = "<group>"; };
		AF9EFF3F1C1D050600409000 /* MarqueeView.swift */ = {isa = PBXFileReference; fileEncoding = 4; lastKnownFileType = sourcecode.swift; path = MarqueeView.swift; sourceTree = "<group>"; };
/* End PBXFileReference section */

/* Begin PBXFrameworksBuildPhase section */
		AF1436561C1B74D4005AE5B3 /* Frameworks */ = {
			isa = PBXFrameworksBuildPhase;
			buildActionMask = 2147483647;
			files = (
			);
			runOnlyForDeploymentPostprocessing = 0;
		};
/* End PBXFrameworksBuildPhase section */

/* Begin PBXGroup section */
		AF1436501C1B74D4005AE5B3 = {
			isa = PBXGroup;
			children = (
				AF14365B1C1B74D4005AE5B3 /* ASDBoardingPass */,
				AF14365A1C1B74D4005AE5B3 /* Products */,
			);
			sourceTree = "<group>";
		};
		AF14365A1C1B74D4005AE5B3 /* Products */ = {
			isa = PBXGroup;
			children = (
				AF1436591C1B74D4005AE5B3 /* ASDBoardingPass.app */,
			);
			name = Products;
			sourceTree = "<group>";
		};
		AF14365B1C1B74D4005AE5B3 /* ASDBoardingPass */ = {
			isa = PBXGroup;
			children = (
				AF14365C1C1B74D4005AE5B3 /* AppDelegate.swift */,
				AF1436631C1B74D4005AE5B3 /* Assets.xcassets */,
				AF1436651C1B74D4005AE5B3 /* LaunchScreen.storyboard */,
				AF1436681C1B74D4005AE5B3 /* Info.plist */,
				AF14367D1C1C72C0005AE5B3 /* ContainerViewController.swift */,
				AF14367E1C1C72C0005AE5B3 /* ContainerViewController.xib */,
				AF1436701C1B9F03005AE5B3 /* TicketViewController.swift */,
				AF1436711C1B9F03005AE5B3 /* TicketViewController.xib */,
				AF1436741C1B9F11005AE5B3 /* MapViewController.swift */,
				AF1436751C1B9F11005AE5B3 /* MapViewController.xib */,
				AF9EFF3D1C1C9E0300409000 /* FancyButton.swift */,
				AF9EFF3F1C1D050600409000 /* MarqueeView.swift */,
			);
			path = ASDBoardingPass;
			sourceTree = "<group>";
		};
/* End PBXGroup section */

/* Begin PBXNativeTarget section */
		AF1436581C1B74D4005AE5B3 /* ASDBoardingPass */ = {
			isa = PBXNativeTarget;
			buildConfigurationList = AF14366B1C1B74D4005AE5B3 /* Build configuration list for PBXNativeTarget "ASDBoardingPass" */;
			buildPhases = (
				AF1436551C1B74D4005AE5B3 /* Sources */,
				AF1436561C1B74D4005AE5B3 /* Frameworks */,
				AF1436571C1B74D4005AE5B3 /* Resources */,
			);
			buildRules = (
			);
			dependencies = (
			);
			name = ASDBoardingPass;
			productName = ASDBoardingPass;
			productReference = AF1436591C1B74D4005AE5B3 /* ASDBoardingPass.app */;
			productType = "com.apple.product-type.application";
		};
/* End PBXNativeTarget section */

/* Begin PBXProject section */
		AF1436511C1B74D4005AE5B3 /* Project object */ = {
			isa = PBXProject;
			attributes = {
				LastSwiftUpdateCheck = 0710;
				LastUpgradeCheck = 0710;
				ORGANIZATIONNAME = "Intrepid Pursuits";
				TargetAttributes = {
					AF1436581C1B74D4005AE5B3 = {
						CreatedOnToolsVersion = 7.1;
					};
				};
			};
			buildConfigurationList = AF1436541C1B74D4005AE5B3 /* Build configuration list for PBXProject "ASDBoardingPass" */;
			compatibilityVersion = "Xcode 3.2";
			developmentRegion = English;
			hasScannedForEncodings = 0;
			knownRegions = (
				en,
				Base,
			);
			mainGroup = AF1436501C1B74D4005AE5B3;
			productRefGroup = AF14365A1C1B74D4005AE5B3 /* Products */;
			projectDirPath = "";
			projectRoot = "";
			targets = (
				AF1436581C1B74D4005AE5B3 /* ASDBoardingPass */,
			);
		};
/* End PBXProject section */

/* Begin PBXResourcesBuildPhase section */
		AF1436571C1B74D4005AE5B3 /* Resources */ = {
			isa = PBXResourcesBuildPhase;
			buildActionMask = 2147483647;
			files = (
				AF1436731C1B9F03005AE5B3 /* TicketViewController.xib in Resources */,
				AF1436671C1B74D4005AE5B3 /* LaunchScreen.storyboard in Resources */,
				AF1436801C1C72C0005AE5B3 /* ContainerViewController.xib in Resources */,
				AF1436641C1B74D4005AE5B3 /* Assets.xcassets in Resources */,
				AF1436771C1B9F11005AE5B3 /* MapViewController.xib in Resources */,
			);
			runOnlyForDeploymentPostprocessing = 0;
		};
/* End PBXResourcesBuildPhase section */

/* Begin PBXSourcesBuildPhase section */
		AF1436551C1B74D4005AE5B3 /* Sources */ = {
			isa = PBXSourcesBuildPhase;
			buildActionMask = 2147483647;
			files = (
				AF1436721C1B9F03005AE5B3 /* TicketViewController.swift in Sources */,
				AF1436761C1B9F11005AE5B3 /* MapViewController.swift in Sources */,
				AF14367F1C1C72C0005AE5B3 /* ContainerViewController.swift in Sources */,
				AF14365D1C1B74D4005AE5B3 /* AppDelegate.swift in Sources */,
				AF9EFF3E1C1C9E0300409000 /* FancyButton.swift in Sources */,
				AF9EFF401C1D050600409000 /* MarqueeView.swift in Sources */,
			);
			runOnlyForDeploymentPostprocessing = 0;
		};
/* End PBXSourcesBuildPhase section */

/* Begin PBXVariantGroup section */
		AF1436651C1B74D4005AE5B3 /* LaunchScreen.storyboard */ = {
			isa = PBXVariantGroup;
			children = (
				AF1436661C1B74D4005AE5B3 /* Base */,
			);
			name = LaunchScreen.storyboard;
			sourceTree = "<group>";
		};
/* End PBXVariantGroup section */

/* Begin XCBuildConfiguration section */
		AF1436691C1B74D4005AE5B3 /* Debug */ = {
			isa = XCBuildConfiguration;
			buildSettings = {
				ALWAYS_SEARCH_USER_PATHS = NO;
				CLANG_CXX_LANGUAGE_STANDARD = "gnu++0x";
				CLANG_CXX_LIBRARY = "libc++";
				CLANG_ENABLE_MODULES = YES;
				CLANG_ENABLE_OBJC_ARC = YES;
				CLANG_WARN_BOOL_CONVERSION = YES;
				CLANG_WARN_CONSTANT_CONVERSION = YES;
				CLANG_WARN_DIRECT_OBJC_ISA_USAGE = YES_ERROR;
				CLANG_WARN_EMPTY_BODY = YES;
				CLANG_WARN_ENUM_CONVERSION = YES;
				CLANG_WARN_INT_CONVERSION = YES;
				CLANG_WARN_OBJC_ROOT_CLASS = YES_ERROR;
				CLANG_WARN_UNREACHABLE_CODE = YES;
				CLANG_WARN__DUPLICATE_METHOD_MATCH = YES;
				"CODE_SIGN_IDENTITY[sdk=iphoneos*]" = "iPhone Developer";
				COPY_PHASE_STRIP = NO;
				DEBUG_INFORMATION_FORMAT = dwarf;
				ENABLE_STRICT_OBJC_MSGSEND = YES;
				ENABLE_TESTABILITY = YES;
				GCC_C_LANGUAGE_STANDARD = gnu99;
				GCC_DYNAMIC_NO_PIC = NO;
				GCC_NO_COMMON_BLOCKS = YES;
				GCC_OPTIMIZATION_LEVEL = 0;
				GCC_PREPROCESSOR_DEFINITIONS = (
					"DEBUG=1",
					"$(inherited)",
				);
				GCC_WARN_64_TO_32_BIT_CONVERSION = YES;
				GCC_WARN_ABOUT_RETURN_TYPE = YES_ERROR;
				GCC_WARN_UNDECLARED_SELECTOR = YES;
				GCC_WARN_UNINITIALIZED_AUTOS = YES_AGGRESSIVE;
				GCC_WARN_UNUSED_FUNCTION = YES;
				GCC_WARN_UNUSED_VARIABLE = YES;
				IPHONEOS_DEPLOYMENT_TARGET = 9.1;
				MTL_ENABLE_DEBUG_INFO = YES;
				ONLY_ACTIVE_ARCH = YES;
				SDKROOT = iphoneos;
				SWIFT_OPTIMIZATION_LEVEL = "-Onone";
				TARGETED_DEVICE_FAMILY = "1,2";
			};
			name = Debug;
		};
		AF14366A1C1B74D4005AE5B3 /* Release */ = {
			isa = XCBuildConfiguration;
			buildSettings = {
				ALWAYS_SEARCH_USER_PATHS = NO;
				CLANG_CXX_LANGUAGE_STANDARD = "gnu++0x";
				CLANG_CXX_LIBRARY = "libc++";
				CLANG_ENABLE_MODULES = YES;
				CLANG_ENABLE_OBJC_ARC = YES;
				CLANG_WARN_BOOL_CONVERSION = YES;
				CLANG_WARN_CONSTANT_CONVERSION = YES;
				CLANG_WARN_DIRECT_OBJC_ISA_USAGE = YES_ERROR;
				CLANG_WARN_EMPTY_BODY = YES;
				CLANG_WARN_ENUM_CONVERSION = YES;
				CLANG_WARN_INT_CONVERSION = YES;
				CLANG_WARN_OBJC_ROOT_CLASS = YES_ERROR;
				CLANG_WARN_UNREACHABLE_CODE = YES;
				CLANG_WARN__DUPLICATE_METHOD_MATCH = YES;
				"CODE_SIGN_IDENTITY[sdk=iphoneos*]" = "iPhone Developer";
				COPY_PHASE_STRIP = NO;
				DEBUG_INFORMATION_FORMAT = "dwarf-with-dsym";
				ENABLE_NS_ASSERTIONS = NO;
				ENABLE_STRICT_OBJC_MSGSEND = YES;
				GCC_C_LANGUAGE_STANDARD = gnu99;
				GCC_NO_COMMON_BLOCKS = YES;
				GCC_WARN_64_TO_32_BIT_CONVERSION = YES;
				GCC_WARN_ABOUT_RETURN_TYPE = YES_ERROR;
				GCC_WARN_UNDECLARED_SELECTOR = YES;
				GCC_WARN_UNINITIALIZED_AUTOS = YES_AGGRESSIVE;
				GCC_WARN_UNUSED_FUNCTION = YES;
				GCC_WARN_UNUSED_VARIABLE = YES;
				IPHONEOS_DEPLOYMENT_TARGET = 9.1;
				MTL_ENABLE_DEBUG_INFO = NO;
				SDKROOT = iphoneos;
				TARGETED_DEVICE_FAMILY = "1,2";
				VALIDATE_PRODUCT = YES;
			};
			name = Release;
		};
		AF14366C1C1B74D4005AE5B3 /* Debug */ = {
			isa = XCBuildConfiguration;
			buildSettings = {
				ASSETCATALOG_COMPILER_APPICON_NAME = AppIcon;
				INFOPLIST_FILE = ASDBoardingPass/Info.plist;
				LD_RUNPATH_SEARCH_PATHS = "$(inherited) @executable_path/Frameworks";
				PRODUCT_BUNDLE_IDENTIFIER = io.intrepid.ASDBoardingPass;
				PRODUCT_NAME = "$(TARGET_NAME)";
			};
			name = Debug;
		};
		AF14366D1C1B74D4005AE5B3 /* Release */ = {
			isa = XCBuildConfiguration;
			buildSettings = {
				ASSETCATALOG_COMPILER_APPICON_NAME = AppIcon;
				INFOPLIST_FILE = ASDBoardingPass/Info.plist;
				LD_RUNPATH_SEARCH_PATHS = "$(inherited) @executable_path/Frameworks";
				PRODUCT_BUNDLE_IDENTIFIER = io.intrepid.ASDBoardingPass;
				PRODUCT_NAME = "$(TARGET_NAME)";
			};
			name = Release;
		};
/* End XCBuildConfiguration section */

/* Begin XCConfigurationList section */
		AF1436541C1B74D4005AE5B3 /* Build configuration list for PBXProject "ASDBoardingPass" */ = {
			isa = XCConfigurationList;
			buildConfigurations = (
				AF1436691C1B74D4005AE5B3 /* Debug */,
				AF14366A1C1B74D4005AE5B3 /* Release */,
			);
			defaultConfigurationIsVisible = 0;
			defaultConfigurationName = Release;
		};
		AF14366B1C1B74D4005AE5B3 /* Build configuration list for PBXNativeTarget "ASDBoardingPass" */ = {
			isa = XCConfigurationList;
			buildConfigurations = (
				AF14366C1C1B74D4005AE5B3 /* Debug */,
				AF14366D1C1B74D4005AE5B3 /* Release */,
			);
			defaultConfigurationIsVisible = 0;
			defaultConfigurationName = Release;
		};
/* End XCConfigurationList section */
	};
	rootObject = AF1436511C1B74D4005AE5B3 /* Project object */;
}
